
Microsoft Visual Studio Solution File, Format Version 12.00
# Visual Studio Version 17
VisualStudioVersion = 17.3.32825.248
MinimumVisualStudioVersion = 10.0.40219.1
Project("{9A19103F-16F7-4668-BE54-9A1E7A4F7556}") = "CreadorCartuchera", "CreadorCartuchera\CreadorCartuchera.csproj", "{C2D72472-55CF-4B2D-AE2C-96515855E51D}"
EndProject
Project("{9A19103F-16F7-4668-BE54-9A1E7A4F7556}") = "BibliotecaDeClases", "BibliotecaDeClases\BibliotecaDeClases.csproj", "{9BF9AC8B-98C7-476B-A6FB-00C7623387B6}"
EndProject
Global
	GlobalSection(SolutionConfigurationPlatforms) = preSolution
		Debug|Any CPU = Debug|Any CPU
		Release|Any CPU = Release|Any CPU
	EndGlobalSection
	GlobalSection(ProjectConfigurationPlatforms) = postSolution
		{C2D72472-55CF-4B2D-AE2C-96515855E51D}.Debug|Any CPU.ActiveCfg = Debug|Any CPU
		{C2D72472-55CF-4B2D-AE2C-96515855E51D}.Debug|Any CPU.Build.0 = Debug|Any CPU
		{C2D72472-55CF-4B2D-AE2C-96515855E51D}.Release|Any CPU.ActiveCfg = Release|Any CPU
		{C2D72472-55CF-4B2D-AE2C-96515855E51D}.Release|Any CPU.Build.0 = Release|Any CPU
		{9BF9AC8B-98C7-476B-A6FB-00C7623387B6}.Debug|Any CPU.ActiveCfg = Debug|Any CPU
		{9BF9AC8B-98C7-476B-A6FB-00C7623387B6}.Debug|Any CPU.Build.0 = Debug|Any CPU
		{9BF9AC8B-98C7-476B-A6FB-00C7623387B6}.Release|Any CPU.ActiveCfg = Release|Any CPU
		{9BF9AC8B-98C7-476B-A6FB-00C7623387B6}.Release|Any CPU.Build.0 = Release|Any CPU
	EndGlobalSection
	GlobalSection(SolutionProperties) = preSolution
		HideSolutionNode = FALSE
	EndGlobalSection
	GlobalSection(ExtensibilityGlobals) = postSolution
		SolutionGuid = {A4A575D9-E5EE-4E5B-8E1E-77CE5475FF68}
	EndGlobalSection
EndGlobal
